# THIS IS AN AUTOGENERATED FILE. DO NOT EDIT THIS FILE DIRECTLY.
# yarn lockfile v1


tachyons-debug-grid@^1.2.4:
  version "1.2.4"
  resolved "https://registry.yarnpkg.com/tachyons-debug-grid/-/tachyons-debug-grid-1.2.4.tgz#c7c28ae8fa88da421635221565988447db80377a"
  integrity sha512-rCzhamxTE4Ma6UGIFlN3pUFPMBZXTlIsAWJuIYh896rFIoI2rm/ll9chZf0qKCS52+SHFjvlj1/jYcGaWKgb5w==
